
Microsoft Visual Studio Solution File, Format Version 12.00
# Visual Studio Version 16
VisualStudioVersion = 16.0.29519.181
MinimumVisualStudioVersion = 10.0.40219.1
Project("{FAE04EC0-301F-11D3-BF4B-00C04F79EFBC}") = "Infrastructure.Persistence", "Infrastructure.Persistence\Infrastructure.Persistence.csproj", "{2C2D86EA-034D-4CB4-893B-68BFDE9FE20E}"
EndProject
Global
	GlobalSection(SolutionConfigurationPlatforms) = preSolution
		Debug|Any CPU = Debug|Any CPU
		Release|Any CPU = Release|Any CPU
	EndGlobalSection
	GlobalSection(ProjectConfigurationPlatforms) = postSolution
		{2C2D86EA-034D-4CB4-893B-68BFDE9FE20E}.Debug|Any CPU.ActiveCfg = Debug|Any CPU
		{2C2D86EA-034D-4CB4-893B-68BFDE9FE20E}.Debug|Any CPU.Build.0 = Debug|Any CPU
		{2C2D86EA-034D-4CB4-893B-68BFDE9FE20E}.Release|Any CPU.ActiveCfg = Release|Any CPU
		{2C2D86EA-034D-4CB4-893B-68BFDE9FE20E}.Release|Any CPU.Build.0 = Release|Any CPU
	EndGlobalSection
	GlobalSection(SolutionProperties) = preSolution
		HideSolutionNode = FALSE
	EndGlobalSection
	GlobalSection(ExtensibilityGlobals) = postSolution
		SolutionGuid = {51A5D186-0104-4151-80C8-14DF64DCB9B5}
	EndGlobalSection
EndGlobal
